Microsoft Visual Studio Solution File, Format Version 12.00
# Visual Studio Version 17
VisualStudioVersion = 17.14.36301.6 d17.14
MinimumVisualStudioVersion = 10.0.40219.1
Project("{FAE04EC0-301F-11D3-BF4B-00C04F79EFBC}") = "viscerality_patcher", "viscerality_patcher\viscerality_patcher.csproj", "{DA2592C6-B0E0-4B5D-837C-FF8F7DD5C143}"
EndProject
Global
	GlobalSection(SolutionConfigurationPlatforms) = preSolution
		Debug|Any CPU = Debug|Any CPU
		Release|Any CPU = Release|Any CPU
	EndGlobalSection
	GlobalSection(ProjectConfigurationPlatforms) = postSolution
		{DA2592C6-B0E0-4B5D-837C-FF8F7DD5C143}.Debug|Any CPU.ActiveCfg = Debug|Any CPU
		{DA2592C6-B0E0-4B5D-837C-FF8F7DD5C143}.Debug|Any CPU.Build.0 = Debug|Any CPU
		{DA2592C6-B0E0-4B5D-837C-FF8F7DD5C143}.Release|Any CPU.ActiveCfg = Release|Any CPU
		{DA2592C6-B0E0-4B5D-837C-FF8F7DD5C143}.Release|Any CPU.Build.0 = Release|Any CPU
	EndGlobalSection
	GlobalSection(SolutionProperties) = preSolution
		HideSolutionNode = FALSE
	EndGlobalSection
	GlobalSection(ExtensibilityGlobals) = postSolution
		SolutionGuid = {E8FC7AD7-87FE-49DA-8E58-B5CEB852BF8D}
	EndGlobalSection
EndGlobal
